{
  "name": "2019-seattle-coconut-workshop",
  "version": "0.0.0",
  "lockfileVersion": 1,
  "requires": true,
  "dependencies": {
    "lix": {
      "version": "15.3.12",
      "resolved": "https://registry.npmjs.org/lix/-/lix-15.3.12.tgz",
      "integrity": "sha512-WX8UZi+a6Ce+vtwVLYzbrFZTRpYf0oEnPzy2/MFekN64MWhVkNRo8wxBNf2a7jtgPXhDjKzCzjJG6JwtRTHDAw=="
    }
  }
}
